// !$*UTF8*$!
{
	archiveVersion = 1;
	classes = {
	};
	objectVersion = 46;
	objects = {

/* Begin PBXBuildFile section */
		6C29D0831D4B7998000CDE75 /* AppDelegate.swift in Sources */ = {isa = PBXBuildFile; fileRef = 6C29D0821D4B7998000CDE75 /* AppDelegate.swift */; };
		6C29D0851D4B7998000CDE75 /* ViewController.swift in Sources */ = {isa = PBXBuildFile; fileRef = 6C29D0841D4B7998000CDE75 /* ViewController.swift */; };
		6C29D0881D4B7998000CDE75 /* Main.storyboard in Resources */ = {isa = PBXBuildFile; fileRef = 6C29D0861D4B7998000CDE75 /* Main.storyboard */; };
		6C29D08A1D4B7998000CDE75 /* Assets.xcassets in Resources */ = {isa = PBXBuildFile; fileRef = 6C29D0891D4B7998000CDE75 /* Assets.xcassets */; };
		6C29D08D1D4B7998000CDE75 /* LaunchScreen.storyboard in Resources */ = {isa = PBXBuildFile; fileRef = 6C29D08B1D4B7998000CDE75 /* LaunchScreen.storyboard */; };
		6C29D0951D4B821B000CDE75 /* File.swift in Sources */ = {isa = PBXBuildFile; fileRef = 6C29D0941D4B821B000CDE75 /* File.swift */; };
		6CF02C931D4DB85900923AA1 /* Extension.swift in Sources */ = {isa = PBXBuildFile; fileRef = 6CF02C921D4DB85900923AA1 /* Extension.swift */; };
/* End PBXBuildFile section */

/* Begin PBXFileReference section */
		6C29D07F1D4B7998000CDE75 /* ModalDialog.app */ = {isa = PBXFileReference; explicitFileType = wrapper.application; includeInIndex = 0; path = ModalDialog.app; sourceTree = BUILT_PRODUCTS_DIR; };
		6C29D0821D4B7998000CDE75 /* AppDelegate.swift */ = {isa = PBXFileReference; lastKnownFileType = sourcecode.swift; path = AppDelegate.swift; sourceTree = "<group>"; };
		6C29D0841D4B7998000CDE75 /* ViewController.swift */ = {isa = PBXFileReference; lastKnownFileType = sourcecode.swift; path = ViewController.swift; sourceTree = "<group>"; };
		6C29D0871D4B7998000CDE75 /* Base */ = {isa = PBXFileReference; lastKnownFileType = file.storyboard; name = Base; path = Base.lproj/Main.storyboard; sourceTree = "<group>"; };
		6C29D0891D4B7998000CDE75 /* Assets.xcassets */ = {isa = PBXFileReference; lastKnownFileType = folder.assetcatalog; path = Assets.xcassets; sourceTree = "<group>"; };
		6C29D08C1D4B7998000CDE75 /* Base */ = {isa = PBXFileReference; lastKnownFileType = file.storyboard; name = Base; path = Base.lproj/LaunchScreen.storyboard; sourceTree = "<group>"; };
		6C29D08E1D4B7998000CDE75 /* Info.plist */ = {isa = PBXFileReference; lastKnownFileType = text.plist.xml; path = Info.plist; sourceTree = "<group>"; };
		6C29D0941D4B821B000CDE75 /* File.swift */ = {isa = PBXFileReference; fileEncoding = 4; lastKnownFileType = sourcecode.swift; path = File.swift; sourceTree = "<group>"; };
		6CF02C921D4DB85900923AA1 /* Extension.swift */ = {isa = PBXFileReference; fileEncoding = 4; lastKnownFileType = sourcecode.swift; path = Extension.swift; sourceTree = "<group>"; };
		6CF02C941D4DEEF400923AA1 /* MyPlayground.playground */ = {isa = PBXFileReference; lastKnownFileType = file.playground; path = MyPlayground.playground; sourceTree = "<group>"; };
/* End PBXFileReference section */

/* Begin PBXFrameworksBuildPhase section */
		6C29D07C1D4B7998000CDE75 /* Frameworks */ = {
			isa = PBXFrameworksBuildPhase;
			buildActionMask = 2147483647;
			files = (
			);
			runOnlyForDeploymentPostprocessing = 0;
		};
/* End PBXFrameworksBuildPhase section */

/* Begin PBXGroup section */
		6C29D0761D4B7998000CDE75 = {
			isa = PBXGroup;
			children = (
				6CF02C941D4DEEF400923AA1 /* MyPlayground.playground */,
				6C29D0811D4B7998000CDE75 /* ModalDialog */,
				6C29D0801D4B7998000CDE75 /* Products */,
			);
			sourceTree = "<group>";
		};
		6C29D0801D4B7998000CDE75 /* Products */ = {
			isa = PBXGroup;
			children = (
				6C29D07F1D4B7998000CDE75 /* ModalDialog.app */,
			);
			name = Products;
			sourceTree = "<group>";
		};
		6C29D0811D4B7998000CDE75 /* ModalDialog */ = {
			isa = PBXGroup;
			children = (
				6C29D0821D4B7998000CDE75 /* AppDelegate.swift */,
				6C29D0841D4B7998000CDE75 /* ViewController.swift */,
				6C29D0861D4B7998000CDE75 /* Main.storyboard */,
				6C29D0891D4B7998000CDE75 /* Assets.xcassets */,
				6C29D08B1D4B7998000CDE75 /* LaunchScreen.storyboard */,
				6C29D08E1D4B7998000CDE75 /* Info.plist */,
				6C29D0941D4B821B000CDE75 /* File.swift */,
				6CF02C921D4DB85900923AA1 /* Extension.swift */,
			);
			path = ModalDialog;
			sourceTree = "<group>";
		};
/* End PBXGroup section */

/* Begin PBXNativeTarget section */
		6C29D07E1D4B7998000CDE75 /* ModalDialog */ = {
			isa = PBXNativeTarget;
			buildConfigurationList = 6C29D0911D4B7998000CDE75 /* Build configuration list for PBXNativeTarget "ModalDialog" */;
			buildPhases = (
				6C29D07B1D4B7998000CDE75 /* Sources */,
				6C29D07C1D4B7998000CDE75 /* Frameworks */,
				6C29D07D1D4B7998000CDE75 /* Resources */,
			);
			buildRules = (
			);
			dependencies = (
			);
			name = ModalDialog;
			productName = ModalDialog;
			productReference = 6C29D07F1D4B7998000CDE75 /* ModalDialog.app */;
			productType = "com.apple.product-type.application";
		};
/* End PBXNativeTarget section */

/* Begin PBXProject section */
		6C29D0771D4B7998000CDE75 /* Project object */ = {
			isa = PBXProject;
			attributes = {
				LastSwiftUpdateCheck = 0730;
				LastUpgradeCheck = 0730;
				ORGANIZATIONNAME = TopCoder;
				TargetAttributes = {
					6C29D07E1D4B7998000CDE75 = {
						CreatedOnToolsVersion = 7.3.1;
					};
				};
			};
			buildConfigurationList = 6C29D07A1D4B7998000CDE75 /* Build configuration list for PBXProject "ModalDialog" */;
			compatibilityVersion = "Xcode 3.2";
			developmentRegion = English;
			hasScannedForEncodings = 0;
			knownRegions = (
				en,
				Base,
			);
			mainGroup = 6C29D0761D4B7998000CDE75;
			productRefGroup = 6C29D0801D4B7998000CDE75 /* Products */;
			projectDirPath = "";
			projectRoot = "";
			targets = (
				6C29D07E1D4B7998000CDE75 /* ModalDialog */,
			);
		};
/* End PBXProject section */

/* Begin PBXResourcesBuildPhase section */
		6C29D07D1D4B7998000CDE75 /* Resources */ = {
			isa = PBXResourcesBuildPhase;
			buildActionMask = 2147483647;
			files = (
				6C29D08D1D4B7998000CDE75 /* LaunchScreen.storyboard in Resources */,
				6C29D08A1D4B7998000CDE75 /* Assets.xcassets in Resources */,
				6C29D0881D4B7998000CDE75 /* Main.storyboard in Resources */,
			);
			runOnlyForDeploymentPostprocessing = 0;
		};
/* End PBXResourcesBuildPhase section */

/* Begin PBXSourcesBuildPhase section */
		6C29D07B1D4B7998000CDE75 /* Sources */ = {
			isa = PBXSourcesBuildPhase;
			buildActionMask = 2147483647;
			files = (
				6C29D0851D4B7998000CDE75 /* ViewController.swift in Sources */,
				6C29D0951D4B821B000CDE75 /* File.swift in Sources */,
				6C29D0831D4B7998000CDE75 /* AppDelegate.swift in Sources */,
				6CF02C931D4DB85900923AA1 /* Extension.swift in Sources */,
			);
			runOnlyForDeploymentPostprocessing = 0;
		};
/* End PBXSourcesBuildPhase section */

/* Begin PBXVariantGroup section */
		6C29D0861D4B7998000CDE75 /* Main.storyboard */ = {
			isa = PBXVariantGroup;
			children = (
				6C29D0871D4B7998000CDE75 /* Base */,
			);
			name = Main.storyboard;
			sourceTree = "<group>";
		};
		6C29D08B1D4B7998000CDE75 /* LaunchScreen.storyboard */ = {
			isa = PBXVariantGroup;
			children = (
				6C29D08C1D4B7998000CDE75 /* Base */,
			);
			name = LaunchScreen.storyboard;
			sourceTree = "<group>";
		};
/* End PBXVariantGroup section */

/* Begin XCBuildConfiguration section */
		6C29D08F1D4B7998000CDE75 /* Debug */ = {
			isa = XCBuildConfiguration;
			buildSettings = {
				ALWAYS_SEARCH_USER_PATHS = NO;
				CLANG_ANALYZER_NONNULL = YES;
				CLANG_CXX_LANGUAGE_STANDARD = "gnu++0x";
				CLANG_CXX_LIBRARY = "libc++";
				CLANG_ENABLE_MODULES = YES;
				CLANG_ENABLE_OBJC_ARC = YES;
				CLANG_WARN_BOOL_CONVERSION = YES;
				CLANG_WARN_CONSTANT_CONVERSION = YES;
				CLANG_WARN_DIRECT_OBJC_ISA_USAGE = YES_ERROR;
				CLANG_WARN_EMPTY_BODY = YES;
				CLANG_WARN_ENUM_CONVERSION = YES;
				CLANG_WARN_INT_CONVERSION = YES;
				CLANG_WARN_OBJC_ROOT_CLASS = YES_ERROR;
				CLANG_WARN_UNREACHABLE_CODE = YES;
				CLANG_WARN__DUPLICATE_METHOD_MATCH = YES;
				"CODE_SIGN_IDENTITY[sdk=iphoneos*]" = "iPhone Developer";
				COPY_PHASE_STRIP = NO;
				DEBUG_INFORMATION_FORMAT = dwarf;
				ENABLE_STRICT_OBJC_MSGSEND = YES;
				ENABLE_TESTABILITY = YES;
				GCC_C_LANGUAGE_STANDARD = gnu99;
				GCC_DYNAMIC_NO_PIC = NO;
				GCC_NO_COMMON_BLOCKS = YES;
				GCC_OPTIMIZATION_LEVEL = 0;
				GCC_PREPROCESSOR_DEFINITIONS = (
					"DEBUG=1",
					"$(inherited)",
				);
				GCC_WARN_64_TO_32_BIT_CONVERSION = YES;
				GCC_WARN_ABOUT_RETURN_TYPE = YES_ERROR;
				GCC_WARN_UNDECLARED_SELECTOR = YES;
				GCC_WARN_UNINITIALIZED_AUTOS = YES_AGGRESSIVE;
				GCC_WARN_UNUSED_FUNCTION = YES;
				GCC_WARN_UNUSED_VARIABLE = YES;
				IPHONEOS_DEPLOYMENT_TARGET = 9.3;
				MTL_ENABLE_DEBUG_INFO = YES;
				ONLY_ACTIVE_ARCH = YES;
				SDKROOT = iphoneos;
				SWIFT_OPTIMIZATION_LEVEL = "-Onone";
				TARGETED_DEVICE_FAMILY = "1,2";
			};
			name = Debug;
		};
		6C29D0901D4B7998000CDE75 /* Release */ = {
			isa = XCBuildConfiguration;
			buildSettings = {
				ALWAYS_SEARCH_USER_PATHS = NO;
				CLANG_ANALYZER_NONNULL = YES;
				CLANG_CXX_LANGUAGE_STANDARD = "gnu++0x";
				CLANG_CXX_LIBRARY = "libc++";
				CLANG_ENABLE_MODULES = YES;
				CLANG_ENABLE_OBJC_ARC = YES;
				CLANG_WARN_BOOL_CONVERSION = YES;
				CLANG_WARN_CONSTANT_CONVERSION = YES;
				CLANG_WARN_DIRECT_OBJC_ISA_USAGE = YES_ERROR;
				CLANG_WARN_EMPTY_BODY = YES;
				CLANG_WARN_ENUM_CONVERSION = YES;
				CLANG_WARN_INT_CONVERSION = YES;
				CLANG_WARN_OBJC_ROOT_CLASS = YES_ERROR;
				CLANG_WARN_UNREACHABLE_CODE = YES;
				CLANG_WARN__DUPLICATE_METHOD_MATCH = YES;
				"CODE_SIGN_IDENTITY[sdk=iphoneos*]" = "iPhone Developer";
				COPY_PHASE_STRIP = NO;
				DEBUG_INFORMATION_FORMAT = "dwarf-with-dsym";
				ENABLE_NS_ASSERTIONS = NO;
				ENABLE_STRICT_OBJC_MSGSEND = YES;
				GCC_C_LANGUAGE_STANDARD = gnu99;
				GCC_NO_COMMON_BLOCKS = YES;
				GCC_WARN_64_TO_32_BIT_CONVERSION = YES;
				GCC_WARN_ABOUT_RETURN_TYPE = YES_ERROR;
				GCC_WARN_UNDECLARED_SELECTOR = YES;
				GCC_WARN_UNINITIALIZED_AUTOS = YES_AGGRESSIVE;
				GCC_WARN_UNUSED_FUNCTION = YES;
				GCC_WARN_UNUSED_VARIABLE = YES;
				IPHONEOS_DEPLOYMENT_TARGET = 9.3;
				MTL_ENABLE_DEBUG_INFO = NO;
				SDKROOT = iphoneos;
				TARGETED_DEVICE_FAMILY = "1,2";
				VALIDATE_PRODUCT = YES;
			};
			name = Release;
		};
		6C29D0921D4B7998000CDE75 /* Debug */ = {
			isa = XCBuildConfiguration;
			buildSettings = {
				ASSETCATALOG_COMPILER_APPICON_NAME = AppIcon;
				INFOPLIST_FILE = ModalDialog/Info.plist;
				LD_RUNPATH_SEARCH_PATHS = "$(inherited) @executable_path/Frameworks";
				PRODUCT_BUNDLE_IDENTIFIER = com.topcoder.ModalDialog;
				PRODUCT_NAME = "$(TARGET_NAME)";
			};
			name = Debug;
		};
		6C29D0931D4B7998000CDE75 /* Release */ = {
			isa = XCBuildConfiguration;
			buildSettings = {
				ASSETCATALOG_COMPILER_APPICON_NAME = AppIcon;
				INFOPLIST_FILE = ModalDialog/Info.plist;
				LD_RUNPATH_SEARCH_PATHS = "$(inherited) @executable_path/Frameworks";
				PRODUCT_BUNDLE_IDENTIFIER = com.topcoder.ModalDialog;
				PRODUCT_NAME = "$(TARGET_NAME)";
			};
			name = Release;
		};
/* End XCBuildConfiguration section */

/* Begin XCConfigurationList section */
		6C29D07A1D4B7998000CDE75 /* Build configuration list for PBXProject "ModalDialog" */ = {
			isa = XCConfigurationList;
			buildConfigurations = (
				6C29D08F1D4B7998000CDE75 /* Debug */,
				6C29D0901D4B7998000CDE75 /* Release */,
			);
			defaultConfigurationIsVisible = 0;
			defaultConfigurationName = Release;
		};
		6C29D0911D4B7998000CDE75 /* Build configuration list for PBXNativeTarget "ModalDialog" */ = {
			isa = XCConfigurationList;
			buildConfigurations = (
				6C29D0921D4B7998000CDE75 /* Debug */,
				6C29D0931D4B7998000CDE75 /* Release */,
			);
			defaultConfigurationIsVisible = 0;
			defaultConfigurationName = Release;
		};
/* End XCConfigurationList section */
	};
	rootObject = 6C29D0771D4B7998000CDE75 /* Project object */;
}
